
Microsoft Visual Studio Solution File, Format Version 12.00
Project("{FAE04EC0-301F-11D3-BF4B-00C04F79EFBC}") = "Anidream.API", "Anidream.API\Anidream.API.csproj", "{C9918ACC-27BD-4D3C-8A8B-6104E024DAC0}"
EndProject
Project("{2150E333-8FDC-42A3-9474-1A3956D46DE8}") = "Infrastructure", "Infrastructure", "{2D0FB144-332B-4639-99CE-34864A758D7D}"
EndProject
Project("{FAE04EC0-301F-11D3-BF4B-00C04F79EFBC}") = "Anidream.Api.DataAccess", "Anidream.Api.DataAccess\Anidream.Api.DataAccess.csproj", "{B42BA90F-ED7E-4AA3-8120-4C577E6815EA}"
EndProject
Project("{2150E333-8FDC-42A3-9474-1A3956D46DE8}") = "Domain", "Domain", "{0910C6A5-25F2-4E3C-9516-DFA976DFC7ED}"
EndProject
Project("{FAE04EC0-301F-11D3-BF4B-00C04F79EFBC}") = "Anidream.Api.Domain", "Anidream.Api.Domain\Anidream.Api.Domain.csproj", "{506BAECD-BABB-428B-8C52-4F9AA05EE8B6}"
EndProject
Project("{2150E333-8FDC-42A3-9474-1A3956D46DE8}") = "Solution Items", "Solution Items", "{C88424DA-5520-4947-9EF0-1588CE5E1F81}"
	ProjectSection(SolutionItems) = preProject
		docker-compose.yaml = docker-compose.yaml
	EndProjectSection
EndProject
Project("{2150E333-8FDC-42A3-9474-1A3956D46DE8}") = "Application", "Application", "{ED1310E2-D4AA-416D-8366-C91184F33EC4}"
EndProject
Project("{FAE04EC0-301F-11D3-BF4B-00C04F79EFBC}") = "Anidream.Api.Application.Utils", "Anidream.Api.Application.Utils\Anidream.Api.Application.Utils.csproj", "{0ADC169E-804B-405C-A78C-0C0055E370DE}"
EndProject
Project("{FAE04EC0-301F-11D3-BF4B-00C04F79EFBC}") = "Anidream.Api.Infrastructure.Utils", "Anidream.Api.Infrastructure.Utils\Anidream.Api.Infrastructure.Utils.csproj", "{9ADDE786-D52E-4822-8D90-AABB40EE5798}"
EndProject
Project("{FAE04EC0-301F-11D3-BF4B-00C04F79EFBC}") = "Anidream.Api.Application.UseCases", "Anidream.Api.Application.UseCases\Anidream.Api.Application.UseCases.csproj", "{26E9515A-1519-4A37-8868-38913AD6B3E3}"
EndProject
Project("{FAE04EC0-301F-11D3-BF4B-00C04F79EFBC}") = "Anidream.Api.Application.Core", "Anidream.Api.Application.Core\Anidream.Api.Application.Core.csproj", "{947F135D-7D0C-4CE9-8589-C48836C986FE}"
EndProject
Global
	GlobalSection(SolutionConfigurationPlatforms) = preSolution
		Debug|Any CPU = Debug|Any CPU
		Release|Any CPU = Release|Any CPU
	EndGlobalSection
	GlobalSection(ProjectConfigurationPlatforms) = postSolution
		{C9918ACC-27BD-4D3C-8A8B-6104E024DAC0}.Debug|Any CPU.ActiveCfg = Debug|Any CPU
		{C9918ACC-27BD-4D3C-8A8B-6104E024DAC0}.Debug|Any CPU.Build.0 = Debug|Any CPU
		{C9918ACC-27BD-4D3C-8A8B-6104E024DAC0}.Release|Any CPU.ActiveCfg = Release|Any CPU
		{C9918ACC-27BD-4D3C-8A8B-6104E024DAC0}.Release|Any CPU.Build.0 = Release|Any CPU
		{B42BA90F-ED7E-4AA3-8120-4C577E6815EA}.Debug|Any CPU.ActiveCfg = Debug|Any CPU
		{B42BA90F-ED7E-4AA3-8120-4C577E6815EA}.Debug|Any CPU.Build.0 = Debug|Any CPU
		{B42BA90F-ED7E-4AA3-8120-4C577E6815EA}.Release|Any CPU.ActiveCfg = Release|Any CPU
		{B42BA90F-ED7E-4AA3-8120-4C577E6815EA}.Release|Any CPU.Build.0 = Release|Any CPU
		{506BAECD-BABB-428B-8C52-4F9AA05EE8B6}.Debug|Any CPU.ActiveCfg = Debug|Any CPU
		{506BAECD-BABB-428B-8C52-4F9AA05EE8B6}.Debug|Any CPU.Build.0 = Debug|Any CPU
		{506BAECD-BABB-428B-8C52-4F9AA05EE8B6}.Release|Any CPU.ActiveCfg = Release|Any CPU
		{506BAECD-BABB-428B-8C52-4F9AA05EE8B6}.Release|Any CPU.Build.0 = Release|Any CPU
		{0ADC169E-804B-405C-A78C-0C0055E370DE}.Debug|Any CPU.ActiveCfg = Debug|Any CPU
		{0ADC169E-804B-405C-A78C-0C0055E370DE}.Debug|Any CPU.Build.0 = Debug|Any CPU
		{0ADC169E-804B-405C-A78C-0C0055E370DE}.Release|Any CPU.ActiveCfg = Release|Any CPU
		{0ADC169E-804B-405C-A78C-0C0055E370DE}.Release|Any CPU.Build.0 = Release|Any CPU
		{9ADDE786-D52E-4822-8D90-AABB40EE5798}.Debug|Any CPU.ActiveCfg = Debug|Any CPU
		{9ADDE786-D52E-4822-8D90-AABB40EE5798}.Debug|Any CPU.Build.0 = Debug|Any CPU
		{9ADDE786-D52E-4822-8D90-AABB40EE5798}.Release|Any CPU.ActiveCfg = Release|Any CPU
		{9ADDE786-D52E-4822-8D90-AABB40EE5798}.Release|Any CPU.Build.0 = Release|Any CPU
		{26E9515A-1519-4A37-8868-38913AD6B3E3}.Debug|Any CPU.ActiveCfg = Debug|Any CPU
		{26E9515A-1519-4A37-8868-38913AD6B3E3}.Debug|Any CPU.Build.0 = Debug|Any CPU
		{26E9515A-1519-4A37-8868-38913AD6B3E3}.Release|Any CPU.ActiveCfg = Release|Any CPU
		{26E9515A-1519-4A37-8868-38913AD6B3E3}.Release|Any CPU.Build.0 = Release|Any CPU
		{947F135D-7D0C-4CE9-8589-C48836C986FE}.Debug|Any CPU.ActiveCfg = Debug|Any CPU
		{947F135D-7D0C-4CE9-8589-C48836C986FE}.Debug|Any CPU.Build.0 = Debug|Any CPU
		{947F135D-7D0C-4CE9-8589-C48836C986FE}.Release|Any CPU.ActiveCfg = Release|Any CPU
		{947F135D-7D0C-4CE9-8589-C48836C986FE}.Release|Any CPU.Build.0 = Release|Any CPU
	EndGlobalSection
	GlobalSection(NestedProjects) = preSolution
		{B42BA90F-ED7E-4AA3-8120-4C577E6815EA} = {2D0FB144-332B-4639-99CE-34864A758D7D}
		{506BAECD-BABB-428B-8C52-4F9AA05EE8B6} = {0910C6A5-25F2-4E3C-9516-DFA976DFC7ED}
		{0ADC169E-804B-405C-A78C-0C0055E370DE} = {ED1310E2-D4AA-416D-8366-C91184F33EC4}
		{9ADDE786-D52E-4822-8D90-AABB40EE5798} = {2D0FB144-332B-4639-99CE-34864A758D7D}
		{26E9515A-1519-4A37-8868-38913AD6B3E3} = {ED1310E2-D4AA-416D-8366-C91184F33EC4}
		{947F135D-7D0C-4CE9-8589-C48836C986FE} = {ED1310E2-D4AA-416D-8366-C91184F33EC4}
	EndGlobalSection
EndGlobal
